
Microsoft Visual Studio Solution File, Format Version 12.00
# Visual Studio 14
VisualStudioVersion = 14.0.25420.1
MinimumVisualStudioVersion = 10.0.40219.1
Project("{FAE04EC0-301F-11D3-BF4B-00C04F79EFBC}") = "TimeSimulator.Abstractions", "TimeSimulator.Abstractions\TimeSimulator.Abstractions.csproj", "{679857B0-C590-4141-B4A5-AC975D28F048}"
EndProject
Project("{FAE04EC0-301F-11D3-BF4B-00C04F79EFBC}") = "TimeSimulator.NodaTime", "TimeSimulator.NodaTime\TimeSimulator.NodaTime.csproj", "{3C6092C6-FDFC-43C0-A3FE-8466F739CC49}"
EndProject
Project("{FAE04EC0-301F-11D3-BF4B-00C04F79EFBC}") = "TimeSimulator.SystemDateTime", "TimeSimulator.SystemDateTime\TimeSimulator.SystemDateTime.csproj", "{11AF136A-9568-4325-A1E8-A7A7B412D663}"
EndProject
Global
	GlobalSection(SolutionConfigurationPlatforms) = preSolution
		Debug|Any CPU = Debug|Any CPU
		Release|Any CPU = Release|Any CPU
	EndGlobalSection
	GlobalSection(ProjectConfigurationPlatforms) = postSolution
		{679857B0-C590-4141-B4A5-AC975D28F048}.Debug|Any CPU.ActiveCfg = Debug|Any CPU
		{679857B0-C590-4141-B4A5-AC975D28F048}.Debug|Any CPU.Build.0 = Debug|Any CPU
		{679857B0-C590-4141-B4A5-AC975D28F048}.Release|Any CPU.ActiveCfg = Release|Any CPU
		{679857B0-C590-4141-B4A5-AC975D28F048}.Release|Any CPU.Build.0 = Release|Any CPU
		{3C6092C6-FDFC-43C0-A3FE-8466F739CC49}.Debug|Any CPU.ActiveCfg = Debug|Any CPU
		{3C6092C6-FDFC-43C0-A3FE-8466F739CC49}.Debug|Any CPU.Build.0 = Debug|Any CPU
		{3C6092C6-FDFC-43C0-A3FE-8466F739CC49}.Release|Any CPU.ActiveCfg = Release|Any CPU
		{3C6092C6-FDFC-43C0-A3FE-8466F739CC49}.Release|Any CPU.Build.0 = Release|Any CPU
		{11AF136A-9568-4325-A1E8-A7A7B412D663}.Debug|Any CPU.ActiveCfg = Debug|Any CPU
		{11AF136A-9568-4325-A1E8-A7A7B412D663}.Debug|Any CPU.Build.0 = Debug|Any CPU
		{11AF136A-9568-4325-A1E8-A7A7B412D663}.Release|Any CPU.ActiveCfg = Release|Any CPU
		{11AF136A-9568-4325-A1E8-A7A7B412D663}.Release|Any CPU.Build.0 = Release|Any CPU
	EndGlobalSection
	GlobalSection(SolutionProperties) = preSolution
		HideSolutionNode = FALSE
	EndGlobalSection
EndGlobal
